
Microsoft Visual Studio Solution File, Format Version 12.00
Project("{2150E333-8FDC-42A3-9474-1A3956D46DE8}") = "metadata", ".\", "{F1A57014-71CE-4032-A652-01B7E35E14DB}"
	ProjectSection(SolutionItems) = preProject
		.gitignore = .gitignore
		README.md = README.md
		stylecop.json = stylecop.json
		stylecop.ruleset = stylecop.ruleset
		.travis.yml = .travis.yml
		appveyor.yml = appveyor.yml
	EndProjectSection
EndProject

Project("{2150E333-8FDC-42A3-9474-1A3956D46DE8}") = "msbuild", ".\msbuild", "{1F056E04-1788-4B80-8736-FDBE38BAE01B}"
	ProjectSection(SolutionItems) = preProject
		msbuild/netfx-mono.props = msbuild/netfx-mono.props
	EndProjectSection
EndProject

Project("{FAE04EC0-301F-11D3-BF4B-00C04F79EFBC}") = "StrictEmit", "StrictEmit\StrictEmit.csproj", "{32479E3F-69B4-4A2A-BFFF-20421CF2F74D}"
EndProject
Global
	GlobalSection(SolutionConfigurationPlatforms) = preSolution
		Debug|Any CPU = Debug|Any CPU
		Release|Any CPU = Release|Any CPU
	EndGlobalSection
	GlobalSection(ProjectConfigurationPlatforms) = postSolution
		{32479E3F-69B4-4A2A-BFFF-20421CF2F74D}.Debug|Any CPU.ActiveCfg = Debug|Any CPU
		{32479E3F-69B4-4A2A-BFFF-20421CF2F74D}.Debug|Any CPU.Build.0 = Debug|Any CPU
		{32479E3F-69B4-4A2A-BFFF-20421CF2F74D}.Release|Any CPU.ActiveCfg = Release|Any CPU
		{32479E3F-69B4-4A2A-BFFF-20421CF2F74D}.Release|Any CPU.Build.0 = Release|Any CPU
	EndGlobalSection
EndGlobal
